// !$*UTF8*$!
{
	archiveVersion = 1;
	classes = {
	};
	objectVersion = 46;
	objects = {

/* Begin PBXBuildFile section */
		8D0F7BF91F1134C2003B1DFA /* AppDelegate.swift in Sources */ = {isa = PBXBuildFile; fileRef = 8D0F7BF81F1134C2003B1DFA /* AppDelegate.swift */; };
		8D0F7BFB1F1134C2003B1DFA /* ViewController.swift in Sources */ = {isa = PBXBuildFile; fileRef = 8D0F7BFA1F1134C2003B1DFA /* ViewController.swift */; };
		8D0F7BFE1F1134C2003B1DFA /* Main.storyboard in Resources */ = {isa = PBXBuildFile; fileRef = 8D0F7BFC1F1134C2003B1DFA /* Main.storyboard */; };
		8D0F7C001F1134C2003B1DFA /* Assets.xcassets in Resources */ = {isa = PBXBuildFile; fileRef = 8D0F7BFF1F1134C2003B1DFA /* Assets.xcassets */; };
		8D0F7C031F1134C2003B1DFA /* LaunchScreen.storyboard in Resources */ = {isa = PBXBuildFile; fileRef = 8D0F7C011F1134C2003B1DFA /* LaunchScreen.storyboard */; };
		8D0F7C0C1F113B30003B1DFA /* CSV.framework in Frameworks */ = {isa = PBXBuildFile; fileRef = 8D0F7C0B1F113B30003B1DFA /* CSV.framework */; };
		8D0F7C0F1F118C05003B1DFA /* porypara.csv in Resources */ = {isa = PBXBuildFile; fileRef = 8D0F7C0E1F118C05003B1DFA /* porypara.csv */; };
		8D0F7C111F1314BD003B1DFA /* AboutViewController.swift in Sources */ = {isa = PBXBuildFile; fileRef = 8D0F7C101F1314BD003B1DFA /* AboutViewController.swift */; };
/* End PBXBuildFile section */

/* Begin PBXFileReference section */
		8D0F7BF51F1134C2003B1DFA /* PorYPara.app */ = {isa = PBXFileReference; explicitFileType = wrapper.application; includeInIndex = 0; path = PorYPara.app; sourceTree = BUILT_PRODUCTS_DIR; };
		8D0F7BF81F1134C2003B1DFA /* AppDelegate.swift */ = {isa = PBXFileReference; lastKnownFileType = sourcecode.swift; path = AppDelegate.swift; sourceTree = "<group>"; };
		8D0F7BFA1F1134C2003B1DFA /* ViewController.swift */ = {isa = PBXFileReference; lastKnownFileType = sourcecode.swift; path = ViewController.swift; sourceTree = "<group>"; };
		8D0F7BFD1F1134C2003B1DFA /* Base */ = {isa = PBXFileReference; lastKnownFileType = file.storyboard; name = Base; path = Base.lproj/Main.storyboard; sourceTree = "<group>"; };
		8D0F7BFF1F1134C2003B1DFA /* Assets.xcassets */ = {isa = PBXFileReference; lastKnownFileType = folder.assetcatalog; path = Assets.xcassets; sourceTree = "<group>"; };
		8D0F7C021F1134C2003B1DFA /* Base */ = {isa = PBXFileReference; lastKnownFileType = file.storyboard; name = Base; path = Base.lproj/LaunchScreen.storyboard; sourceTree = "<group>"; };
		8D0F7C041F1134C2003B1DFA /* Info.plist */ = {isa = PBXFileReference; lastKnownFileType = text.plist.xml; path = Info.plist; sourceTree = "<group>"; };
		8D0F7C0B1F113B30003B1DFA /* CSV.framework */ = {isa = PBXFileReference; lastKnownFileType = wrapper.framework; name = CSV.framework; path = Carthage/Build/iOS/CSV.framework; sourceTree = "<group>"; };
		8D0F7C0E1F118C05003B1DFA /* porypara.csv */ = {isa = PBXFileReference; fileEncoding = 4; lastKnownFileType = text; path = porypara.csv; sourceTree = "<group>"; };
		8D0F7C101F1314BD003B1DFA /* AboutViewController.swift */ = {isa = PBXFileReference; fileEncoding = 4; lastKnownFileType = sourcecode.swift; path = AboutViewController.swift; sourceTree = "<group>"; };
/* End PBXFileReference section */

/* Begin PBXFrameworksBuildPhase section */
		8D0F7BF21F1134C2003B1DFA /* Frameworks */ = {
			isa = PBXFrameworksBuildPhase;
			buildActionMask = 2147483647;
			files = (
				8D0F7C0C1F113B30003B1DFA /* CSV.framework in Frameworks */,
			);
			runOnlyForDeploymentPostprocessing = 0;
		};
/* End PBXFrameworksBuildPhase section */

/* Begin PBXGroup section */
		8D0F7BEC1F1134C2003B1DFA = {
			isa = PBXGroup;
			children = (
				8D0F7BF71F1134C2003B1DFA /* PorYPara */,
				8D0F7BF61F1134C2003B1DFA /* Products */,
				8D0F7C0A1F113B30003B1DFA /* Frameworks */,
			);
			sourceTree = "<group>";
		};
		8D0F7BF61F1134C2003B1DFA /* Products */ = {
			isa = PBXGroup;
			children = (
				8D0F7BF51F1134C2003B1DFA /* PorYPara.app */,
			);
			name = Products;
			sourceTree = "<group>";
		};
		8D0F7BF71F1134C2003B1DFA /* PorYPara */ = {
			isa = PBXGroup;
			children = (
				8D0F7C0E1F118C05003B1DFA /* porypara.csv */,
				8D0F7BF81F1134C2003B1DFA /* AppDelegate.swift */,
				8D0F7BFA1F1134C2003B1DFA /* ViewController.swift */,
				8D0F7C101F1314BD003B1DFA /* AboutViewController.swift */,
				8D0F7BFC1F1134C2003B1DFA /* Main.storyboard */,
				8D0F7BFF1F1134C2003B1DFA /* Assets.xcassets */,
				8D0F7C011F1134C2003B1DFA /* LaunchScreen.storyboard */,
				8D0F7C041F1134C2003B1DFA /* Info.plist */,
			);
			path = PorYPara;
			sourceTree = "<group>";
		};
		8D0F7C0A1F113B30003B1DFA /* Frameworks */ = {
			isa = PBXGroup;
			children = (
				8D0F7C0B1F113B30003B1DFA /* CSV.framework */,
			);
			name = Frameworks;
			sourceTree = "<group>";
		};
/* End PBXGroup section */

/* Begin PBXNativeTarget section */
		8D0F7BF41F1134C2003B1DFA /* PorYPara */ = {
			isa = PBXNativeTarget;
			buildConfigurationList = 8D0F7C071F1134C2003B1DFA /* Build configuration list for PBXNativeTarget "PorYPara" */;
			buildPhases = (
				8D0F7BF11F1134C2003B1DFA /* Sources */,
				8D0F7BF21F1134C2003B1DFA /* Frameworks */,
				8D0F7BF31F1134C2003B1DFA /* Resources */,
				8D0F7C0D1F113B65003B1DFA /* ShellScript */,
			);
			buildRules = (
			);
			dependencies = (
			);
			name = PorYPara;
			productName = PorYPara;
			productReference = 8D0F7BF51F1134C2003B1DFA /* PorYPara.app */;
			productType = "com.apple.product-type.application";
		};
/* End PBXNativeTarget section */

/* Begin PBXProject section */
		8D0F7BED1F1134C2003B1DFA /* Project object */ = {
			isa = PBXProject;
			attributes = {
				LastSwiftUpdateCheck = 0820;
				LastUpgradeCheck = 0820;
				ORGANIZATIONNAME = "Mark McArthey";
				TargetAttributes = {
					8D0F7BF41F1134C2003B1DFA = {
						CreatedOnToolsVersion = 8.2;
						DevelopmentTeam = W7DK2TMLNV;
						ProvisioningStyle = Automatic;
					};
				};
			};
			buildConfigurationList = 8D0F7BF01F1134C2003B1DFA /* Build configuration list for PBXProject "PorYPara" */;
			compatibilityVersion = "Xcode 3.2";
			developmentRegion = English;
			hasScannedForEncodings = 0;
			knownRegions = (
				en,
				Base,
			);
			mainGroup = 8D0F7BEC1F1134C2003B1DFA;
			productRefGroup = 8D0F7BF61F1134C2003B1DFA /* Products */;
			projectDirPath = "";
			projectRoot = "";
			targets = (
				8D0F7BF41F1134C2003B1DFA /* PorYPara */,
			);
		};
/* End PBXProject section */

/* Begin PBXResourcesBuildPhase section */
		8D0F7BF31F1134C2003B1DFA /* Resources */ = {
			isa = PBXResourcesBuildPhase;
			buildActionMask = 2147483647;
			files = (
				8D0F7C0F1F118C05003B1DFA /* porypara.csv in Resources */,
				8D0F7C031F1134C2003B1DFA /* LaunchScreen.storyboard in Resources */,
				8D0F7C001F1134C2003B1DFA /* Assets.xcassets in Resources */,
				8D0F7BFE1F1134C2003B1DFA /* Main.storyboard in Resources */,
			);
			runOnlyForDeploymentPostprocessing = 0;
		};
/* End PBXResourcesBuildPhase section */

/* Begin PBXShellScriptBuildPhase section */
		8D0F7C0D1F113B65003B1DFA /* ShellScript */ = {
			isa = PBXShellScriptBuildPhase;
			buildActionMask = 2147483647;
			files = (
			);
			inputPaths = (
				"$(SRCROOT)/Carthage/Build/iOS/CSV.framework",
			);
			outputPaths = (
			);
			runOnlyForDeploymentPostprocessing = 0;
			shellPath = /bin/sh;
			shellScript = "/usr/local/bin/carthage copy-frameworks";
		};
/* End PBXShellScriptBuildPhase section */

/* Begin PBXSourcesBuildPhase section */
		8D0F7BF11F1134C2003B1DFA /* Sources */ = {
			isa = PBXSourcesBuildPhase;
			buildActionMask = 2147483647;
			files = (
				8D0F7C111F1314BD003B1DFA /* AboutViewController.swift in Sources */,
				8D0F7BFB1F1134C2003B1DFA /* ViewController.swift in Sources */,
				8D0F7BF91F1134C2003B1DFA /* AppDelegate.swift in Sources */,
			);
			runOnlyForDeploymentPostprocessing = 0;
		};
/* End PBXSourcesBuildPhase section */

/* Begin PBXVariantGroup section */
		8D0F7BFC1F1134C2003B1DFA /* Main.storyboard */ = {
			isa = PBXVariantGroup;
			children = (
				8D0F7BFD1F1134C2003B1DFA /* Base */,
			);
			name = Main.storyboard;
			sourceTree = "<group>";
		};
		8D0F7C011F1134C2003B1DFA /* LaunchScreen.storyboard */ = {
			isa = PBXVariantGroup;
			children = (
				8D0F7C021F1134C2003B1DFA /* Base */,
			);
			name = LaunchScreen.storyboard;
			sourceTree = "<group>";
		};
/* End PBXVariantGroup section */

/* Begin XCBuildConfiguration section */
		8D0F7C051F1134C2003B1DFA /* Debug */ = {
			isa = XCBuildConfiguration;
			buildSettings = {
				ALWAYS_SEARCH_USER_PATHS = NO;
				CLANG_ANALYZER_NONNULL = YES;
				CLANG_CXX_LANGUAGE_STANDARD = "gnu++0x";
				CLANG_CXX_LIBRARY = "libc++";
				CLANG_ENABLE_MODULES = YES;
				CLANG_ENABLE_OBJC_ARC = YES;
				CLANG_WARN_BOOL_CONVERSION = YES;
				CLANG_WARN_CONSTANT_CONVERSION = YES;
				CLANG_WARN_DIRECT_OBJC_ISA_USAGE = YES_ERROR;
				CLANG_WARN_DOCUMENTATION_COMMENTS = YES;
				CLANG_WARN_EMPTY_BODY = YES;
				CLANG_WARN_ENUM_CONVERSION = YES;
				CLANG_WARN_INFINITE_RECURSION = YES;
				CLANG_WARN_INT_CONVERSION = YES;
				CLANG_WARN_OBJC_ROOT_CLASS = YES_ERROR;
				CLANG_WARN_SUSPICIOUS_MOVE = YES;
				CLANG_WARN_UNREACHABLE_CODE = YES;
				CLANG_WARN__DUPLICATE_METHOD_MATCH = YES;
				"CODE_SIGN_IDENTITY[sdk=iphoneos*]" = "iPhone Developer";
				COPY_PHASE_STRIP = NO;
				DEBUG_INFORMATION_FORMAT = dwarf;
				ENABLE_STRICT_OBJC_MSGSEND = YES;
				ENABLE_TESTABILITY = YES;
				GCC_C_LANGUAGE_STANDARD = gnu99;
				GCC_DYNAMIC_NO_PIC = NO;
				GCC_NO_COMMON_BLOCKS = YES;
				GCC_OPTIMIZATION_LEVEL = 0;
				GCC_PREPROCESSOR_DEFINITIONS = (
					"DEBUG=1",
					"$(inherited)",
				);
				GCC_WARN_64_TO_32_BIT_CONVERSION = YES;
				GCC_WARN_ABOUT_RETURN_TYPE = YES_ERROR;
				GCC_WARN_UNDECLARED_SELECTOR = YES;
				GCC_WARN_UNINITIALIZED_AUTOS = YES_AGGRESSIVE;
				GCC_WARN_UNUSED_FUNCTION = YES;
				GCC_WARN_UNUSED_VARIABLE = YES;
				IPHONEOS_DEPLOYMENT_TARGET = 10.2;
				MTL_ENABLE_DEBUG_INFO = YES;
				ONLY_ACTIVE_ARCH = YES;
				SDKROOT = iphoneos;
				SWIFT_ACTIVE_COMPILATION_CONDITIONS = DEBUG;
				SWIFT_OPTIMIZATION_LEVEL = "-Onone";
			};
			name = Debug;
		};
		8D0F7C061F1134C2003B1DFA /* Release */ = {
			isa = XCBuildConfiguration;
			buildSettings = {
				ALWAYS_SEARCH_USER_PATHS = NO;
				CLANG_ANALYZER_NONNULL = YES;
				CLANG_CXX_LANGUAGE_STANDARD = "gnu++0x";
				CLANG_CXX_LIBRARY = "libc++";
				CLANG_ENABLE_MODULES = YES;
				CLANG_ENABLE_OBJC_ARC = YES;
				CLANG_WARN_BOOL_CONVERSION = YES;
				CLANG_WARN_CONSTANT_CONVERSION = YES;
				CLANG_WARN_DIRECT_OBJC_ISA_USAGE = YES_ERROR;
				CLANG_WARN_DOCUMENTATION_COMMENTS = YES;
				CLANG_WARN_EMPTY_BODY = YES;
				CLANG_WARN_ENUM_CONVERSION = YES;
				CLANG_WARN_INFINITE_RECURSION = YES;
				CLANG_WARN_INT_CONVERSION = YES;
				CLANG_WARN_OBJC_ROOT_CLASS = YES_ERROR;
				CLANG_WARN_SUSPICIOUS_MOVE = YES;
				CLANG_WARN_UNREACHABLE_CODE = YES;
				CLANG_WARN__DUPLICATE_METHOD_MATCH = YES;
				"CODE_SIGN_IDENTITY[sdk=iphoneos*]" = "iPhone Developer";
				COPY_PHASE_STRIP = NO;
				DEBUG_INFORMATION_FORMAT = "dwarf-with-dsym";
				ENABLE_NS_ASSERTIONS = NO;
				ENABLE_STRICT_OBJC_MSGSEND = YES;
				GCC_C_LANGUAGE_STANDARD = gnu99;
				GCC_NO_COMMON_BLOCKS = YES;
				GCC_WARN_64_TO_32_BIT_CONVERSION = YES;
				GCC_WARN_ABOUT_RETURN_TYPE = YES_ERROR;
				GCC_WARN_UNDECLARED_SELECTOR = YES;
				GCC_WARN_UNINITIALIZED_AUTOS = YES_AGGRESSIVE;
				GCC_WARN_UNUSED_FUNCTION = YES;
				GCC_WARN_UNUSED_VARIABLE = YES;
				IPHONEOS_DEPLOYMENT_TARGET = 10.2;
				MTL_ENABLE_DEBUG_INFO = NO;
				SDKROOT = iphoneos;
				SWIFT_OPTIMIZATION_LEVEL = "-Owholemodule";
				VALIDATE_PRODUCT = YES;
			};
			name = Release;
		};
		8D0F7C081F1134C2003B1DFA /* Debug */ = {
			isa = XCBuildConfiguration;
			buildSettings = {
				ASSETCATALOG_COMPILER_APPICON_NAME = AppIcon;
				DEVELOPMENT_TEAM = W7DK2TMLNV;
				FRAMEWORK_SEARCH_PATHS = (
					"$(inherited)",
					"$(PROJECT_DIR)/Carthage/Build/iOS",
				);
				INFOPLIST_FILE = PorYPara/Info.plist;
				LD_RUNPATH_SEARCH_PATHS = "$(inherited) @executable_path/Frameworks";
				PRODUCT_BUNDLE_IDENTIFIER = com.learnedgeek.PorYPara;
				PRODUCT_NAME = "$(TARGET_NAME)";
				SWIFT_VERSION = 3.0;
			};
			name = Debug;
		};
		8D0F7C091F1134C2003B1DFA /* Release */ = {
			isa = XCBuildConfiguration;
			buildSettings = {
				ASSETCATALOG_COMPILER_APPICON_NAME = AppIcon;
				DEVELOPMENT_TEAM = W7DK2TMLNV;
				FRAMEWORK_SEARCH_PATHS = (
					"$(inherited)",
					"$(PROJECT_DIR)/Carthage/Build/iOS",
				);
				INFOPLIST_FILE = PorYPara/Info.plist;
				LD_RUNPATH_SEARCH_PATHS = "$(inherited) @executable_path/Frameworks";
				PRODUCT_BUNDLE_IDENTIFIER = com.learnedgeek.PorYPara;
				PRODUCT_NAME = "$(TARGET_NAME)";
				SWIFT_VERSION = 3.0;
			};
			name = Release;
		};
/* End XCBuildConfiguration section */

/* Begin XCConfigurationList section */
		8D0F7BF01F1134C2003B1DFA /* Build configuration list for PBXProject "PorYPara" */ = {
			isa = XCConfigurationList;
			buildConfigurations = (
				8D0F7C051F1134C2003B1DFA /* Debug */,
				8D0F7C061F1134C2003B1DFA /* Release */,
			);
			defaultConfigurationIsVisible = 0;
			defaultConfigurationName = Release;
		};
		8D0F7C071F1134C2003B1DFA /* Build configuration list for PBXNativeTarget "PorYPara" */ = {
			isa = XCConfigurationList;
			buildConfigurations = (
				8D0F7C081F1134C2003B1DFA /* Debug */,
				8D0F7C091F1134C2003B1DFA /* Release */,
			);
			defaultConfigurationIsVisible = 0;
		};
/* End XCConfigurationList section */
	};
	rootObject = 8D0F7BED1F1134C2003B1DFA /* Project object */;
}
